// !$*UTF8*$!
{
	archiveVersion = 1;
	classes = {
	};
	objectVersion = 48;
	objects = {

/* Begin PBXBuildFile section */
		E133978AA029911FCD849659 /* Pods_GroupM8.framework in Frameworks */ = {isa = PBXBuildFile; fileRef = 7F0594A37BE8EA77374E7966 /* Pods_GroupM8.framework */; };
		E9032FD72007A0C8006483FA /* loginViewController.swift in Sources */ = {isa = PBXBuildFile; fileRef = E9032FD62007A0C8006483FA /* loginViewController.swift */; };
		E9032FDF2007B3BA006483FA /* SWRevealViewController.m in Sources */ = {isa = PBXBuildFile; fileRef = E9032FDD2007B3B8006483FA /* SWRevealViewController.m */; };
		E9032FE32007BBFF006483FA /* backTableViewController.swift in Sources */ = {isa = PBXBuildFile; fileRef = E9032FE22007BBFF006483FA /* backTableViewController.swift */; };
		E918F743200F9EE0007ACBAE /* calendarCollectionViewCell.swift in Sources */ = {isa = PBXBuildFile; fileRef = E918F742200F9EE0007ACBAE /* calendarCollectionViewCell.swift */; };
		E92C2AC2200CEE0C00580F31 /* registerUserViewController.swift in Sources */ = {isa = PBXBuildFile; fileRef = E92C2AC1200CEE0C00580F31 /* registerUserViewController.swift */; };
		E93318C22020A4F300738AFF /* CellView.xib in Resources */ = {isa = PBXBuildFile; fileRef = E93318C12020A4F200738AFF /* CellView.xib */; };
		E93A804A201E219100FEC430 /* messageTableViewCell.swift in Sources */ = {isa = PBXBuildFile; fileRef = E93A8048201E219100FEC430 /* messageTableViewCell.swift */; };
		E93A804B201E219100FEC430 /* messageTableViewCell.xib in Resources */ = {isa = PBXBuildFile; fileRef = E93A8049201E219100FEC430 /* messageTableViewCell.xib */; };
		E93C792F2010C99400A718EB /* CalendarHeader.swift in Sources */ = {isa = PBXBuildFile; fileRef = E93C792E2010C99400A718EB /* CalendarHeader.swift */; };
		E944ACC820122AB600F502D3 /* newEventViewController.swift in Sources */ = {isa = PBXBuildFile; fileRef = E944ACC720122AB600F502D3 /* newEventViewController.swift */; };
		E97916D3200CE3BD00750B10 /* GoogleService-Info.plist in Resources */ = {isa = PBXBuildFile; fileRef = E97916D2200CE3BD00750B10 /* GoogleService-Info.plist */; };
		E98C18602014DEC600DD476F /* databaseQuerys.swift in Sources */ = {isa = PBXBuildFile; fileRef = E98C185F2014DEC600DD476F /* databaseQuerys.swift */; };
		E98C18632014E08900DD476F /* User.swift in Sources */ = {isa = PBXBuildFile; fileRef = E98C18622014E08900DD476F /* User.swift */; };
		E98C18652014E16100DD476F /* Event.swift in Sources */ = {isa = PBXBuildFile; fileRef = E98C18642014E16100DD476F /* Event.swift */; };
		E9A29E212003843E0048FDA5 /* AppDelegate.swift in Sources */ = {isa = PBXBuildFile; fileRef = E9A29E202003843E0048FDA5 /* AppDelegate.swift */; };
		E9A29E262003843E0048FDA5 /* Main.storyboard in Resources */ = {isa = PBXBuildFile; fileRef = E9A29E242003843E0048FDA5 /* Main.storyboard */; };
		E9A29E282003843E0048FDA5 /* Assets.xcassets in Resources */ = {isa = PBXBuildFile; fileRef = E9A29E272003843E0048FDA5 /* Assets.xcassets */; };
		E9A29E2B2003843E0048FDA5 /* LaunchScreen.storyboard in Resources */ = {isa = PBXBuildFile; fileRef = E9A29E292003843E0048FDA5 /* LaunchScreen.storyboard */; };
		E9A29E362003843F0048FDA5 /* GroupM8Tests.swift in Sources */ = {isa = PBXBuildFile; fileRef = E9A29E352003843F0048FDA5 /* GroupM8Tests.swift */; };
		E9A29E412003843F0048FDA5 /* GroupM8UITests.swift in Sources */ = {isa = PBXBuildFile; fileRef = E9A29E402003843F0048FDA5 /* GroupM8UITests.swift */; };
		E9BE2F0E200E610000953D88 /* chatboxViewController.swift in Sources */ = {isa = PBXBuildFile; fileRef = E9BE2F0D200E610000953D88 /* chatboxViewController.swift */; };
		E9BE2F10200E611200953D88 /* agendaViewController.swift in Sources */ = {isa = PBXBuildFile; fileRef = E9BE2F0F200E611200953D88 /* agendaViewController.swift */; };
		E9CBD8BE201A3D7F00068481 /* instellingenViewController.swift in Sources */ = {isa = PBXBuildFile; fileRef = E9CBD8BD201A3D7F00068481 /* instellingenViewController.swift */; };
		E9CBD8C1201A4B1300068481 /* calendarTableViewCell.swift in Sources */ = {isa = PBXBuildFile; fileRef = E9CBD8BF201A4B1300068481 /* calendarTableViewCell.swift */; };
		E9CBD8C2201A4B1300068481 /* calendarTableViewCell.xib in Resources */ = {isa = PBXBuildFile; fileRef = E9CBD8C0201A4B1300068481 /* calendarTableViewCell.xib */; };
		E9DE9ADE2017676F0088471A /* Message.swift in Sources */ = {isa = PBXBuildFile; fileRef = E9DE9ADD2017676F0088471A /* Message.swift */; };
/* End PBXBuildFile section */

/* Begin PBXContainerItemProxy section */
		E9A29E322003843F0048FDA5 /* PBXContainerItemProxy */ = {
			isa = PBXContainerItemProxy;
			containerPortal = E9A29E152003843E0048FDA5 /* Project object */;
			proxyType = 1;
			remoteGlobalIDString = E9A29E1C2003843E0048FDA5;
			remoteInfo = GroupM8;
		};
		E9A29E3D2003843F0048FDA5 /* PBXContainerItemProxy */ = {
			isa = PBXContainerItemProxy;
			containerPortal = E9A29E152003843E0048FDA5 /* Project object */;
			proxyType = 1;
			remoteGlobalIDString = E9A29E1C2003843E0048FDA5;
			remoteInfo = GroupM8;
		};
/* End PBXContainerItemProxy section */

/* Begin PBXFileReference section */
		25F744F875D46AE12AD8D3BC /* Pods-GroupM8.debug.xcconfig */ = {isa = PBXFileReference; includeInIndex = 1; lastKnownFileType = text.xcconfig; name = "Pods-GroupM8.debug.xcconfig"; path = "Pods/Target Support Files/Pods-GroupM8/Pods-GroupM8.debug.xcconfig"; sourceTree = "<group>"; };
		7F0594A37BE8EA77374E7966 /* Pods_GroupM8.framework */ = {isa = PBXFileReference; explicitFileType = wrapper.framework; includeInIndex = 0; path = Pods_GroupM8.framework; sourceTree = BUILT_PRODUCTS_DIR; };
		835B163D58CA3AF7B93930B8 /* Pods-GroupM8.release.xcconfig */ = {isa = PBXFileReference; includeInIndex = 1; lastKnownFileType = text.xcconfig; name = "Pods-GroupM8.release.xcconfig"; path = "Pods/Target Support Files/Pods-GroupM8/Pods-GroupM8.release.xcconfig"; sourceTree = "<group>"; };
		E9032FD62007A0C8006483FA /* loginViewController.swift */ = {isa = PBXFileReference; lastKnownFileType = sourcecode.swift; path = loginViewController.swift; sourceTree = "<group>"; };
		E9032FDC2007B3B4006483FA /* GroupM8-Bridging-Header.h */ = {isa = PBXFileReference; lastKnownFileType = sourcecode.c.h; path = "GroupM8-Bridging-Header.h"; sourceTree = "<group>"; };
		E9032FDD2007B3B8006483FA /* SWRevealViewController.m */ = {isa = PBXFileReference; fileEncoding = 4; lastKnownFileType = sourcecode.c.objc; path = SWRevealViewController.m; sourceTree = "<group>"; };
		E9032FDE2007B3BA006483FA /* SWRevealViewController.h */ = {isa = PBXFileReference; fileEncoding = 4; lastKnownFileType = sourcecode.c.h; path = SWRevealViewController.h; sourceTree = "<group>"; };
		E9032FE22007BBFF006483FA /* backTableViewController.swift */ = {isa = PBXFileReference; lastKnownFileType = sourcecode.swift; path = backTableViewController.swift; sourceTree = "<group>"; };
		E918F742200F9EE0007ACBAE /* calendarCollectionViewCell.swift */ = {isa = PBXFileReference; lastKnownFileType = sourcecode.swift; path = calendarCollectionViewCell.swift; sourceTree = "<group>"; };
		E92C2AC1200CEE0C00580F31 /* registerUserViewController.swift */ = {isa = PBXFileReference; lastKnownFileType = sourcecode.swift; path = registerUserViewController.swift; sourceTree = "<group>"; };
		E93318C12020A4F200738AFF /* CellView.xib */ = {isa = PBXFileReference; fileEncoding = 4; lastKnownFileType = file.xib; path = CellView.xib; sourceTree = "<group>"; };
		E93A8048201E219100FEC430 /* messageTableViewCell.swift */ = {isa = PBXFileReference; lastKnownFileType = sourcecode.swift; path = messageTableViewCell.swift; sourceTree = "<group>"; };
		E93A8049201E219100FEC430 /* messageTableViewCell.xib */ = {isa = PBXFileReference; lastKnownFileType = file.xib; path = messageTableViewCell.xib; sourceTree = "<group>"; };
		E93C792E2010C99400A718EB /* CalendarHeader.swift */ = {isa = PBXFileReference; lastKnownFileType = sourcecode.swift; path = CalendarHeader.swift; sourceTree = "<group>"; };
		E944ACC720122AB600F502D3 /* newEventViewController.swift */ = {isa = PBXFileReference; lastKnownFileType = sourcecode.swift; path = newEventViewController.swift; sourceTree = "<group>"; };
		E97916D2200CE3BD00750B10 /* GoogleService-Info.plist */ = {isa = PBXFileReference; fileEncoding = 4; lastKnownFileType = text.plist.xml; path = "GoogleService-Info.plist"; sourceTree = "<group>"; };
		E98C185F2014DEC600DD476F /* databaseQuerys.swift */ = {isa = PBXFileReference; lastKnownFileType = sourcecode.swift; path = databaseQuerys.swift; sourceTree = "<group>"; };
		E98C18622014E08900DD476F /* User.swift */ = {isa = PBXFileReference; lastKnownFileType = sourcecode.swift; name = User.swift; path = GroupM8/Model/User.swift; sourceTree = "<group>"; };
		E98C18642014E16100DD476F /* Event.swift */ = {isa = PBXFileReference; lastKnownFileType = sourcecode.swift; name = Event.swift; path = GroupM8/Model/Event.swift; sourceTree = "<group>"; };
		E9A29E1D2003843E0048FDA5 /* GroupM8.app */ = {isa = PBXFileReference; explicitFileType = wrapper.application; includeInIndex = 0; path = GroupM8.app; sourceTree = BUILT_PRODUCTS_DIR; };
		E9A29E202003843E0048FDA5 /* AppDelegate.swift */ = {isa = PBXFileReference; lastKnownFileType = sourcecode.swift; path = AppDelegate.swift; sourceTree = "<group>"; };
		E9A29E252003843E0048FDA5 /* Base */ = {isa = PBXFileReference; lastKnownFileType = file.storyboard; name = Base; path = Base.lproj/Main.storyboard; sourceTree = "<group>"; };
		E9A29E272003843E0048FDA5 /* Assets.xcassets */ = {isa = PBXFileReference; lastKnownFileType = folder.assetcatalog; path = Assets.xcassets; sourceTree = "<group>"; };
		E9A29E2A2003843E0048FDA5 /* Base */ = {isa = PBXFileReference; lastKnownFileType = file.storyboard; name = Base; path = Base.lproj/LaunchScreen.storyboard; sourceTree = "<group>"; };
		E9A29E2C2003843F0048FDA5 /* Info.plist */ = {isa = PBXFileReference; lastKnownFileType = text.plist.xml; path = Info.plist; sourceTree = "<group>"; };
		E9A29E312003843F0048FDA5 /* GroupM8Tests.xctest */ = {isa = PBXFileReference; explicitFileType = wrapper.cfbundle; includeInIndex = 0; path = GroupM8Tests.xctest; sourceTree = BUILT_PRODUCTS_DIR; };
		E9A29E352003843F0048FDA5 /* GroupM8Tests.swift */ = {isa = PBXFileReference; lastKnownFileType = sourcecode.swift; path = GroupM8Tests.swift; sourceTree = "<group>"; };
		E9A29E372003843F0048FDA5 /* Info.plist */ = {isa = PBXFileReference; lastKnownFileType = text.plist.xml; path = Info.plist; sourceTree = "<group>"; };
		E9A29E3C2003843F0048FDA5 /* GroupM8UITests.xctest */ = {isa = PBXFileReference; explicitFileType = wrapper.cfbundle; includeInIndex = 0; path = GroupM8UITests.xctest; sourceTree = BUILT_PRODUCTS_DIR; };
		E9A29E402003843F0048FDA5 /* GroupM8UITests.swift */ = {isa = PBXFileReference; lastKnownFileType = sourcecode.swift; path = GroupM8UITests.swift; sourceTree = "<group>"; };
		E9A29E422003843F0048FDA5 /* Info.plist */ = {isa = PBXFileReference; lastKnownFileType = text.plist.xml; path = Info.plist; sourceTree = "<group>"; };
		E9BE2F0D200E610000953D88 /* chatboxViewController.swift */ = {isa = PBXFileReference; lastKnownFileType = sourcecode.swift; path = chatboxViewController.swift; sourceTree = "<group>"; };
		E9BE2F0F200E611200953D88 /* agendaViewController.swift */ = {isa = PBXFileReference; lastKnownFileType = sourcecode.swift; path = agendaViewController.swift; sourceTree = "<group>"; };
		E9CBD8BD201A3D7F00068481 /* instellingenViewController.swift */ = {isa = PBXFileReference; lastKnownFileType = sourcecode.swift; name = instellingenViewController.swift; path = GroupM8/Controller/instellingenViewController.swift; sourceTree = "<group>"; };
		E9CBD8BF201A4B1300068481 /* calendarTableViewCell.swift */ = {isa = PBXFileReference; lastKnownFileType = sourcecode.swift; path = calendarTableViewCell.swift; sourceTree = "<group>"; };
		E9CBD8C0201A4B1300068481 /* calendarTableViewCell.xib */ = {isa = PBXFileReference; lastKnownFileType = file.xib; path = calendarTableViewCell.xib; sourceTree = "<group>"; };
		E9DE9ADD2017676F0088471A /* Message.swift */ = {isa = PBXFileReference; lastKnownFileType = sourcecode.swift; name = Message.swift; path = GroupM8/Model/Message.swift; sourceTree = "<group>"; };
/* End PBXFileReference section */

/* Begin PBXFrameworksBuildPhase section */
		E9A29E1A2003843E0048FDA5 /* Frameworks */ = {
			isa = PBXFrameworksBuildPhase;
			buildActionMask = 2147483647;
			files = (
				E133978AA029911FCD849659 /* Pods_GroupM8.framework in Frameworks */,
			);
			runOnlyForDeploymentPostprocessing = 0;
		};
		E9A29E2E2003843F0048FDA5 /* Frameworks */ = {
			isa = PBXFrameworksBuildPhase;
			buildActionMask = 2147483647;
			files = (
			);
			runOnlyForDeploymentPostprocessing = 0;
		};
		E9A29E392003843F0048FDA5 /* Frameworks */ = {
			isa = PBXFrameworksBuildPhase;
			buildActionMask = 2147483647;
			files = (
			);
			runOnlyForDeploymentPostprocessing = 0;
		};
/* End PBXFrameworksBuildPhase section */

/* Begin PBXGroup section */
		24CC7F73040E555B094D0B54 /* Pods */ = {
			isa = PBXGroup;
			children = (
				25F744F875D46AE12AD8D3BC /* Pods-GroupM8.debug.xcconfig */,
				835B163D58CA3AF7B93930B8 /* Pods-GroupM8.release.xcconfig */,
			);
			name = Pods;
			sourceTree = "<group>";
		};
		3B9AE3CB86F7CE47488F4859 /* Frameworks */ = {
			isa = PBXGroup;
			children = (
				7F0594A37BE8EA77374E7966 /* Pods_GroupM8.framework */,
			);
			name = Frameworks;
			sourceTree = "<group>";
		};
		E9032FCB20079C55006483FA /* View */ = {
			isa = PBXGroup;
			children = (
				E93A8048201E219100FEC430 /* messageTableViewCell.swift */,
				E93A8049201E219100FEC430 /* messageTableViewCell.xib */,
				E9CBD8BF201A4B1300068481 /* calendarTableViewCell.swift */,
				E9CBD8C0201A4B1300068481 /* calendarTableViewCell.xib */,
				E93C792E2010C99400A718EB /* CalendarHeader.swift */,
				E918F742200F9EE0007ACBAE /* calendarCollectionViewCell.swift */,
				E93318C12020A4F200738AFF /* CellView.xib */,
			);
			path = View;
			sourceTree = "<group>";
		};
		E9032FD52007A03D006483FA /* Controller */ = {
			isa = PBXGroup;
			children = (
				E9CBD8BD201A3D7F00068481 /* instellingenViewController.swift */,
				E944ACC720122AB600F502D3 /* newEventViewController.swift */,
				E9BE2F0D200E610000953D88 /* chatboxViewController.swift */,
				E9BE2F0F200E611200953D88 /* agendaViewController.swift */,
				E9032FE22007BBFF006483FA /* backTableViewController.swift */,
				E92C2AC1200CEE0C00580F31 /* registerUserViewController.swift */,
				E9032FD62007A0C8006483FA /* loginViewController.swift */,
			);
			name = Controller;
			path = ..;
			sourceTree = "<group>";
		};
		E9032FDB2007B38C006483FA /* Vendor */ = {
			isa = PBXGroup;
			children = (
				E9032FDE2007B3BA006483FA /* SWRevealViewController.h */,
				E9032FDD2007B3B8006483FA /* SWRevealViewController.m */,
				E9032FDC2007B3B4006483FA /* GroupM8-Bridging-Header.h */,
			);
			name = Vendor;
			sourceTree = "<group>";
		};
		E930FA5520111186001ECF89 /* delegate */ = {
			isa = PBXGroup;
			children = (
				E9A29E202003843E0048FDA5 /* AppDelegate.swift */,
			);
			path = delegate;
			sourceTree = "<group>";
		};
		E98C185E201398AC00DD476F /* Model */ = {
			isa = PBXGroup;
			children = (
				E9DE9ADD2017676F0088471A /* Message.swift */,
				E98C18642014E16100DD476F /* Event.swift */,
				E98C18622014E08900DD476F /* User.swift */,
			);
			name = Model;
			path = ..;
			sourceTree = "<group>";
		};
		E98C18612014DECF00DD476F /* Classes */ = {
			isa = PBXGroup;
			children = (
				E98C185F2014DEC600DD476F /* databaseQuerys.swift */,
			);
			name = Classes;
			path = "New Group";
			sourceTree = "<group>";
		};
		E9A29E142003843E0048FDA5 = {
			isa = PBXGroup;
			children = (
				E9032FDB2007B38C006483FA /* Vendor */,
				E9A29E1F2003843E0048FDA5 /* GroupM8 */,
				E9A29E342003843F0048FDA5 /* GroupM8Tests */,
				E9A29E3F2003843F0048FDA5 /* GroupM8UITests */,
				E9A29E1E2003843E0048FDA5 /* Products */,
				24CC7F73040E555B094D0B54 /* Pods */,
				3B9AE3CB86F7CE47488F4859 /* Frameworks */,
			);
			sourceTree = "<group>";
		};
		E9A29E1E2003843E0048FDA5 /* Products */ = {
			isa = PBXGroup;
			children = (
				E9A29E1D2003843E0048FDA5 /* GroupM8.app */,
				E9A29E312003843F0048FDA5 /* GroupM8Tests.xctest */,
				E9A29E3C2003843F0048FDA5 /* GroupM8UITests.xctest */,
			);
			name = Products;
			sourceTree = "<group>";
		};
		E9A29E1F2003843E0048FDA5 /* GroupM8 */ = {
			isa = PBXGroup;
			children = (
				E98C18612014DECF00DD476F /* Classes */,
				E9032FD52007A03D006483FA /* Controller */,
				E9032FCB20079C55006483FA /* View */,
				E930FA5520111186001ECF89 /* delegate */,
				E98C185E201398AC00DD476F /* Model */,
				E9A29E242003843E0048FDA5 /* Main.storyboard */,
				E97916D2200CE3BD00750B10 /* GoogleService-Info.plist */,
				E9A29E2C2003843F0048FDA5 /* Info.plist */,
				E9A29E272003843E0048FDA5 /* Assets.xcassets */,
				E9A29E292003843E0048FDA5 /* LaunchScreen.storyboard */,
			);
			path = GroupM8;
			sourceTree = "<group>";
		};
		E9A29E342003843F0048FDA5 /* GroupM8Tests */ = {
			isa = PBXGroup;
			children = (
				E9A29E352003843F0048FDA5 /* GroupM8Tests.swift */,
				E9A29E372003843F0048FDA5 /* Info.plist */,
			);
			path = GroupM8Tests;
			sourceTree = "<group>";
		};
		E9A29E3F2003843F0048FDA5 /* GroupM8UITests */ = {
			isa = PBXGroup;
			children = (
				E9A29E402003843F0048FDA5 /* GroupM8UITests.swift */,
				E9A29E422003843F0048FDA5 /* Info.plist */,
			);
			path = GroupM8UITests;
			sourceTree = "<group>";
		};
/* End PBXGroup section */

/* Begin PBXNativeTarget section */
		E9A29E1C2003843E0048FDA5 /* GroupM8 */ = {
			isa = PBXNativeTarget;
			buildConfigurationList = E9A29E452003843F0048FDA5 /* Build configuration list for PBXNativeTarget "GroupM8" */;
			buildPhases = (
				26F43126116ADDB24E929B35 /* [CP] Check Pods Manifest.lock */,
				E9A29E192003843E0048FDA5 /* Sources */,
				E9A29E1A2003843E0048FDA5 /* Frameworks */,
				E9A29E1B2003843E0048FDA5 /* Resources */,
				D8B500AE5A6E2393975C6722 /* [CP] Embed Pods Frameworks */,
				283CE0E5A3AA68F547608671 /* [CP] Copy Pods Resources */,
			);
			buildRules = (
			);
			dependencies = (
			);
			name = GroupM8;
			productName = GroupM8;
			productReference = E9A29E1D2003843E0048FDA5 /* GroupM8.app */;
			productType = "com.apple.product-type.application";
		};
		E9A29E302003843F0048FDA5 /* GroupM8Tests */ = {
			isa = PBXNativeTarget;
			buildConfigurationList = E9A29E482003843F0048FDA5 /* Build configuration list for PBXNativeTarget "GroupM8Tests" */;
			buildPhases = (
				E9A29E2D2003843F0048FDA5 /* Sources */,
				E9A29E2E2003843F0048FDA5 /* Frameworks */,
				E9A29E2F2003843F0048FDA5 /* Resources */,
			);
			buildRules = (
			);
			dependencies = (
				E9A29E332003843F0048FDA5 /* PBXTargetDependency */,
			);
			name = GroupM8Tests;
			productName = GroupM8Tests;
			productReference = E9A29E312003843F0048FDA5 /* GroupM8Tests.xctest */;
			productType = "com.apple.product-type.bundle.unit-test";
		};
		E9A29E3B2003843F0048FDA5 /* GroupM8UITests */ = {
			isa = PBXNativeTarget;
			buildConfigurationList = E9A29E4B2003843F0048FDA5 /* Build configuration list for PBXNativeTarget "GroupM8UITests" */;
			buildPhases = (
				E9A29E382003843F0048FDA5 /* Sources */,
				E9A29E392003843F0048FDA5 /* Frameworks */,
				E9A29E3A2003843F0048FDA5 /* Resources */,
			);
			buildRules = (
			);
			dependencies = (
				E9A29E3E2003843F0048FDA5 /* PBXTargetDependency */,
			);
			name = GroupM8UITests;
			productName = GroupM8UITests;
			productReference = E9A29E3C2003843F0048FDA5 /* GroupM8UITests.xctest */;
			productType = "com.apple.product-type.bundle.ui-testing";
		};
/* End PBXNativeTarget section */

/* Begin PBXProject section */
		E9A29E152003843E0048FDA5 /* Project object */ = {
			isa = PBXProject;
			attributes = {
				LastSwiftUpdateCheck = 0910;
				LastUpgradeCheck = 0910;
				ORGANIZATIONNAME = "Thomas De lange";
				TargetAttributes = {
					E9A29E1C2003843E0048FDA5 = {
						CreatedOnToolsVersion = 9.1;
						LastSwiftMigration = 0910;
						ProvisioningStyle = Automatic;
					};
					E9A29E302003843F0048FDA5 = {
						CreatedOnToolsVersion = 9.1;
						ProvisioningStyle = Automatic;
						TestTargetID = E9A29E1C2003843E0048FDA5;
					};
					E9A29E3B2003843F0048FDA5 = {
						CreatedOnToolsVersion = 9.1;
						ProvisioningStyle = Automatic;
						TestTargetID = E9A29E1C2003843E0048FDA5;
					};
				};
			};
			buildConfigurationList = E9A29E182003843E0048FDA5 /* Build configuration list for PBXProject "GroupM8" */;
			compatibilityVersion = "Xcode 8.0";
			developmentRegion = en;
			hasScannedForEncodings = 0;
			knownRegions = (
				en,
				Base,
			);
			mainGroup = E9A29E142003843E0048FDA5;
			productRefGroup = E9A29E1E2003843E0048FDA5 /* Products */;
			projectDirPath = "";
			projectRoot = "";
			targets = (
				E9A29E1C2003843E0048FDA5 /* GroupM8 */,
				E9A29E302003843F0048FDA5 /* GroupM8Tests */,
				E9A29E3B2003843F0048FDA5 /* GroupM8UITests */,
			);
		};
/* End PBXProject section */

/* Begin PBXResourcesBuildPhase section */
		E9A29E1B2003843E0048FDA5 /* Resources */ = {
			isa = PBXResourcesBuildPhase;
			buildActionMask = 2147483647;
			files = (
				E9A29E2B2003843E0048FDA5 /* LaunchScreen.storyboard in Resources */,
				E97916D3200CE3BD00750B10 /* GoogleService-Info.plist in Resources */,
				E9A29E282003843E0048FDA5 /* Assets.xcassets in Resources */,
				E93318C22020A4F300738AFF /* CellView.xib in Resources */,
				E93A804B201E219100FEC430 /* messageTableViewCell.xib in Resources */,
				E9CBD8C2201A4B1300068481 /* calendarTableViewCell.xib in Resources */,
				E9A29E262003843E0048FDA5 /* Main.storyboard in Resources */,
			);
			runOnlyForDeploymentPostprocessing = 0;
		};
		E9A29E2F2003843F0048FDA5 /* Resources */ = {
			isa = PBXResourcesBuildPhase;
			buildActionMask = 2147483647;
			files = (
			);
			runOnlyForDeploymentPostprocessing = 0;
		};
		E9A29E3A2003843F0048FDA5 /* Resources */ = {
			isa = PBXResourcesBuildPhase;
			buildActionMask = 2147483647;
			files = (
			);
			runOnlyForDeploymentPostprocessing = 0;
		};
/* End PBXResourcesBuildPhase section */

/* Begin PBXShellScriptBuildPhase section */
		26F43126116ADDB24E929B35 /* [CP] Check Pods Manifest.lock */ = {
			isa = PBXShellScriptBuildPhase;
			buildActionMask = 2147483647;
			files = (
			);
			inputPaths = (
				"${PODS_PODFILE_DIR_PATH}/Podfile.lock",
				"${PODS_ROOT}/Manifest.lock",
			);
			name = "[CP] Check Pods Manifest.lock";
			outputPaths = (
				"$(DERIVED_FILE_DIR)/Pods-GroupM8-checkManifestLockResult.txt",
			);
			runOnlyForDeploymentPostprocessing = 0;
			shellPath = /bin/sh;
			shellScript = "diff \"${PODS_PODFILE_DIR_PATH}/Podfile.lock\" \"${PODS_ROOT}/Manifest.lock\" > /dev/null\nif [ $? != 0 ] ; then\n    # print error to STDERR\n    echo \"error: The sandbox is not in sync with the Podfile.lock. Run 'pod install' or update your CocoaPods installation.\" >&2\n    exit 1\nfi\n# This output is used by Xcode 'outputs' to avoid re-running this script phase.\necho \"SUCCESS\" > \"${SCRIPT_OUTPUT_FILE_0}\"\n";
			showEnvVarsInLog = 0;
		};
		283CE0E5A3AA68F547608671 /* [CP] Copy Pods Resources */ = {
			isa = PBXShellScriptBuildPhase;
			buildActionMask = 2147483647;
			files = (
			);
			inputPaths = (
				"${SRCROOT}/Pods/Target Support Files/Pods-GroupM8/Pods-GroupM8-resources.sh",
				$PODS_CONFIGURATION_BUILD_DIR/FirebaseUI/FirebaseAuthUI.bundle,
				$PODS_CONFIGURATION_BUILD_DIR/FirebaseUI/FirebaseFacebookAuthUI.bundle,
				$PODS_CONFIGURATION_BUILD_DIR/FirebaseUI/FirebaseGoogleAuthUI.bundle,
				$PODS_CONFIGURATION_BUILD_DIR/FirebaseUI/FirebasePhoneAuthUI.bundle,
				$PODS_CONFIGURATION_BUILD_DIR/FirebaseUI/FirebaseTwitterAuthUI.bundle,
				"${PODS_ROOT}/GoogleSignIn/Resources/GoogleSignIn.bundle",
				"${PODS_ROOT}/TwitterKit/iOS/TwitterKit.framework/TwitterKitResources.bundle",
				"${PODS_ROOT}/TwitterKit/iOS/TwitterKit.framework/TwitterShareExtensionUIResources.bundle",
			);
			name = "[CP] Copy Pods Resources";
			outputPaths = (
				"${TARGET_BUILD_DIR}/${UNLOCALIZED_RESOURCES_FOLDER_PATH}",
			);
			runOnlyForDeploymentPostprocessing = 0;
			shellPath = /bin/sh;
			shellScript = "\"${SRCROOT}/Pods/Target Support Files/Pods-GroupM8/Pods-GroupM8-resources.sh\"\n";
			showEnvVarsInLog = 0;
		};
		D8B500AE5A6E2393975C6722 /* [CP] Embed Pods Frameworks */ = {
			isa = PBXShellScriptBuildPhase;
			buildActionMask = 2147483647;
			files = (
			);
			inputPaths = (
				"${SRCROOT}/Pods/Target Support Files/Pods-GroupM8/Pods-GroupM8-frameworks.sh",
				"${BUILT_PRODUCTS_DIR}/Bolts/Bolts.framework",
				"${BUILT_PRODUCTS_DIR}/BoringSSL/openssl.framework",
				"${BUILT_PRODUCTS_DIR}/FBSDKCoreKit/FBSDKCoreKit.framework",
				"${BUILT_PRODUCTS_DIR}/FBSDKLoginKit/FBSDKLoginKit.framework",
				"${BUILT_PRODUCTS_DIR}/GTMOAuth2/GTMOAuth2.framework",
				"${BUILT_PRODUCTS_DIR}/GTMSessionFetcher/GTMSessionFetcher.framework",
				"${BUILT_PRODUCTS_DIR}/GoogleToolboxForMac/GoogleToolboxForMac.framework",
				"${BUILT_PRODUCTS_DIR}/JTAppleCalendar/JTAppleCalendar.framework",
				"${BUILT_PRODUCTS_DIR}/Protobuf/Protobuf.framework",
				"${BUILT_PRODUCTS_DIR}/SDWebImage/SDWebImage.framework",
				"${BUILT_PRODUCTS_DIR}/gRPC/GRPCClient.framework",
				"${BUILT_PRODUCTS_DIR}/gRPC-Core/grpc.framework",
				"${BUILT_PRODUCTS_DIR}/gRPC-ProtoRPC/ProtoRPC.framework",
				"${BUILT_PRODUCTS_DIR}/gRPC-RxLibrary/RxLibrary.framework",
				"${BUILT_PRODUCTS_DIR}/leveldb-library/leveldb.framework",
				"${BUILT_PRODUCTS_DIR}/nanopb/nanopb.framework",
			);
			name = "[CP] Embed Pods Frameworks";
			outputPaths = (
				"${TARGET_BUILD_DIR}/${FRAMEWORKS_FOLDER_PATH}/Bolts.framework",
				"${TARGET_BUILD_DIR}/${FRAMEWORKS_FOLDER_PATH}/openssl.framework",
				"${TARGET_BUILD_DIR}/${FRAMEWORKS_FOLDER_PATH}/FBSDKCoreKit.framework",
				"${TARGET_BUILD_DIR}/${FRAMEWORKS_FOLDER_PATH}/FBSDKLoginKit.framework",
				"${TARGET_BUILD_DIR}/${FRAMEWORKS_FOLDER_PATH}/GTMOAuth2.framework",
				"${TARGET_BUILD_DIR}/${FRAMEWORKS_FOLDER_PATH}/GTMSessionFetcher.framework",
				"${TARGET_BUILD_DIR}/${FRAMEWORKS_FOLDER_PATH}/GoogleToolboxForMac.framework",
				"${TARGET_BUILD_DIR}/${FRAMEWORKS_FOLDER_PATH}/JTAppleCalendar.framework",
				"${TARGET_BUILD_DIR}/${FRAMEWORKS_FOLDER_PATH}/Protobuf.framework",
				"${TARGET_BUILD_DIR}/${FRAMEWORKS_FOLDER_PATH}/SDWebImage.framework",
				"${TARGET_BUILD_DIR}/${FRAMEWORKS_FOLDER_PATH}/GRPCClient.framework",
				"${TARGET_BUILD_DIR}/${FRAMEWORKS_FOLDER_PATH}/grpc.framework",
				"${TARGET_BUILD_DIR}/${FRAMEWORKS_FOLDER_PATH}/ProtoRPC.framework",
				"${TARGET_BUILD_DIR}/${FRAMEWORKS_FOLDER_PATH}/RxLibrary.framework",
				"${TARGET_BUILD_DIR}/${FRAMEWORKS_FOLDER_PATH}/leveldb.framework",
				"${TARGET_BUILD_DIR}/${FRAMEWORKS_FOLDER_PATH}/nanopb.framework",
			);
			runOnlyForDeploymentPostprocessing = 0;
			shellPath = /bin/sh;
			shellScript = "\"${SRCROOT}/Pods/Target Support Files/Pods-GroupM8/Pods-GroupM8-frameworks.sh\"\n";
			showEnvVarsInLog = 0;
		};
/* End PBXShellScriptBuildPhase section */

/* Begin PBXSourcesBuildPhase section */
		E9A29E192003843E0048FDA5 /* Sources */ = {
			isa = PBXSourcesBuildPhase;
			buildActionMask = 2147483647;
			files = (
				E98C18632014E08900DD476F /* User.swift in Sources */,
				E944ACC820122AB600F502D3 /* newEventViewController.swift in Sources */,
				E98C18602014DEC600DD476F /* databaseQuerys.swift in Sources */,
				E9CBD8C1201A4B1300068481 /* calendarTableViewCell.swift in Sources */,
				E92C2AC2200CEE0C00580F31 /* registerUserViewController.swift in Sources */,
				E9BE2F0E200E610000953D88 /* chatboxViewController.swift in Sources */,
				E93C792F2010C99400A718EB /* CalendarHeader.swift in Sources */,
				E9BE2F10200E611200953D88 /* agendaViewController.swift in Sources */,
				E9CBD8BE201A3D7F00068481 /* instellingenViewController.swift in Sources */,
				E9032FE32007BBFF006483FA /* backTableViewController.swift in Sources */,
				E9032FD72007A0C8006483FA /* loginViewController.swift in Sources */,
				E918F743200F9EE0007ACBAE /* calendarCollectionViewCell.swift in Sources */,
				E93A804A201E219100FEC430 /* messageTableViewCell.swift in Sources */,
				E9A29E212003843E0048FDA5 /* AppDelegate.swift in Sources */,
				E9032FDF2007B3BA006483FA /* SWRevealViewController.m in Sources */,
				E98C18652014E16100DD476F /* Event.swift in Sources */,
				E9DE9ADE2017676F0088471A /* Message.swift in Sources */,
			);
			runOnlyForDeploymentPostprocessing = 0;
		};
		E9A29E2D2003843F0048FDA5 /* Sources */ = {
			isa = PBXSourcesBuildPhase;
			buildActionMask = 2147483647;
			files = (
				E9A29E362003843F0048FDA5 /* GroupM8Tests.swift in Sources */,
			);
			runOnlyForDeploymentPostprocessing = 0;
		};
		E9A29E382003843F0048FDA5 /* Sources */ = {
			isa = PBXSourcesBuildPhase;
			buildActionMask = 2147483647;
			files = (
				E9A29E412003843F0048FDA5 /* GroupM8UITests.swift in Sources */,
			);
			runOnlyForDeploymentPostprocessing = 0;
		};
/* End PBXSourcesBuildPhase section */

/* Begin PBXTargetDependency section */
		E9A29E332003843F0048FDA5 /* PBXTargetDependency */ = {
			isa = PBXTargetDependency;
			target = E9A29E1C2003843E0048FDA5 /* GroupM8 */;
			targetProxy = E9A29E322003843F0048FDA5 /* PBXContainerItemProxy */;
		};
		E9A29E3E2003843F0048FDA5 /* PBXTargetDependency */ = {
			isa = PBXTargetDependency;
			target = E9A29E1C2003843E0048FDA5 /* GroupM8 */;
			targetProxy = E9A29E3D2003843F0048FDA5 /* PBXContainerItemProxy */;
		};
/* End PBXTargetDependency section */

/* Begin PBXVariantGroup section */
		E9A29E242003843E0048FDA5 /* Main.storyboard */ = {
			isa = PBXVariantGroup;
			children = (
				E9A29E252003843E0048FDA5 /* Base */,
			);
			name = Main.storyboard;
			sourceTree = "<group>";
		};
		E9A29E292003843E0048FDA5 /* LaunchScreen.storyboard */ = {
			isa = PBXVariantGroup;
			children = (
				E9A29E2A2003843E0048FDA5 /* Base */,
			);
			name = LaunchScreen.storyboard;
			sourceTree = "<group>";
		};
/* End PBXVariantGroup section */

/* Begin XCBuildConfiguration section */
		E9A29E432003843F0048FDA5 /* Debug */ = {
			isa = XCBuildConfiguration;
			buildSettings = {
				ALWAYS_SEARCH_USER_PATHS = NO;
				CLANG_ANALYZER_NONNULL = YES;
				CLANG_ANALYZER_NUMBER_OBJECT_CONVERSION = YES_AGGRESSIVE;
				CLANG_CXX_LANGUAGE_STANDARD = "gnu++14";
				CLANG_CXX_LIBRARY = "libc++";
				CLANG_ENABLE_MODULES = YES;
				CLANG_ENABLE_OBJC_ARC = YES;
				CLANG_WARN_BLOCK_CAPTURE_AUTORELEASING = YES;
				CLANG_WARN_BOOL_CONVERSION = YES;
				CLANG_WARN_COMMA = YES;
				CLANG_WARN_CONSTANT_CONVERSION = YES;
				CLANG_WARN_DIRECT_OBJC_ISA_USAGE = YES_ERROR;
				CLANG_WARN_DOCUMENTATION_COMMENTS = YES;
				CLANG_WARN_EMPTY_BODY = YES;
				CLANG_WARN_ENUM_CONVERSION = YES;
				CLANG_WARN_INFINITE_RECURSION = YES;
				CLANG_WARN_INT_CONVERSION = YES;
				CLANG_WARN_NON_LITERAL_NULL_CONVERSION = YES;
				CLANG_WARN_OBJC_LITERAL_CONVERSION = YES;
				CLANG_WARN_OBJC_ROOT_CLASS = YES_ERROR;
				CLANG_WARN_RANGE_LOOP_ANALYSIS = YES;
				CLANG_WARN_STRICT_PROTOTYPES = YES;
				CLANG_WARN_SUSPICIOUS_MOVE = YES;
				CLANG_WARN_UNGUARDED_AVAILABILITY = YES_AGGRESSIVE;
				CLANG_WARN_UNREACHABLE_CODE = YES;
				CLANG_WARN__DUPLICATE_METHOD_MATCH = YES;
				CODE_SIGN_IDENTITY = "iPhone Developer";
				COPY_PHASE_STRIP = NO;
				DEBUG_INFORMATION_FORMAT = dwarf;
				ENABLE_STRICT_OBJC_MSGSEND = YES;
				ENABLE_TESTABILITY = YES;
				GCC_C_LANGUAGE_STANDARD = gnu11;
				GCC_DYNAMIC_NO_PIC = NO;
				GCC_NO_COMMON_BLOCKS = YES;
				GCC_OPTIMIZATION_LEVEL = 0;
				GCC_PREPROCESSOR_DEFINITIONS = (
					"DEBUG=1",
					"$(inherited)",
				);
				GCC_WARN_64_TO_32_BIT_CONVERSION = YES;
				GCC_WARN_ABOUT_RETURN_TYPE = YES_ERROR;
				GCC_WARN_UNDECLARED_SELECTOR = YES;
				GCC_WARN_UNINITIALIZED_AUTOS = YES_AGGRESSIVE;
				GCC_WARN_UNUSED_FUNCTION = YES;
				GCC_WARN_UNUSED_VARIABLE = YES;
				IPHONEOS_DEPLOYMENT_TARGET = 11.1;
				MTL_ENABLE_DEBUG_INFO = YES;
				ONLY_ACTIVE_ARCH = YES;
				SDKROOT = iphoneos;
				SWIFT_ACTIVE_COMPILATION_CONDITIONS = DEBUG;
				SWIFT_OPTIMIZATION_LEVEL = "-Onone";
			};
			name = Debug;
		};
		E9A29E442003843F0048FDA5 /* Release */ = {
			isa = XCBuildConfiguration;
			buildSettings = {
				ALWAYS_SEARCH_USER_PATHS = NO;
				CLANG_ANALYZER_NONNULL = YES;
				CLANG_ANALYZER_NUMBER_OBJECT_CONVERSION = YES_AGGRESSIVE;
				CLANG_CXX_LANGUAGE_STANDARD = "gnu++14";
				CLANG_CXX_LIBRARY = "libc++";
				CLANG_ENABLE_MODULES = YES;
				CLANG_ENABLE_OBJC_ARC = YES;
				CLANG_WARN_BLOCK_CAPTURE_AUTORELEASING = YES;
				CLANG_WARN_BOOL_CONVERSION = YES;
				CLANG_WARN_COMMA = YES;
				CLANG_WARN_CONSTANT_CONVERSION = YES;
				CLANG_WARN_DIRECT_OBJC_ISA_USAGE = YES_ERROR;
				CLANG_WARN_DOCUMENTATION_COMMENTS = YES;
				CLANG_WARN_EMPTY_BODY = YES;
				CLANG_WARN_ENUM_CONVERSION = YES;
				CLANG_WARN_INFINITE_RECURSION = YES;
				CLANG_WARN_INT_CONVERSION = YES;
				CLANG_WARN_NON_LITERAL_NULL_CONVERSION = YES;
				CLANG_WARN_OBJC_LITERAL_CONVERSION = YES;
				CLANG_WARN_OBJC_ROOT_CLASS = YES_ERROR;
				CLANG_WARN_RANGE_LOOP_ANALYSIS = YES;
				CLANG_WARN_STRICT_PROTOTYPES = YES;
				CLANG_WARN_SUSPICIOUS_MOVE = YES;
				CLANG_WARN_UNGUARDED_AVAILABILITY = YES_AGGRESSIVE;
				CLANG_WARN_UNREACHABLE_CODE = YES;
				CLANG_WARN__DUPLICATE_METHOD_MATCH = YES;
				CODE_SIGN_IDENTITY = "iPhone Developer";
				COPY_PHASE_STRIP = NO;
				DEBUG_INFORMATION_FORMAT = "dwarf-with-dsym";
				ENABLE_NS_ASSERTIONS = NO;
				ENABLE_STRICT_OBJC_MSGSEND = YES;
				GCC_C_LANGUAGE_STANDARD = gnu11;
				GCC_NO_COMMON_BLOCKS = YES;
				GCC_WARN_64_TO_32_BIT_CONVERSION = YES;
				GCC_WARN_ABOUT_RETURN_TYPE = YES_ERROR;
				GCC_WARN_UNDECLARED_SELECTOR = YES;
				GCC_WARN_UNINITIALIZED_AUTOS = YES_AGGRESSIVE;
				GCC_WARN_UNUSED_FUNCTION = YES;
				GCC_WARN_UNUSED_VARIABLE = YES;
				IPHONEOS_DEPLOYMENT_TARGET = 11.1;
				MTL_ENABLE_DEBUG_INFO = NO;
				SDKROOT = iphoneos;
				SWIFT_OPTIMIZATION_LEVEL = "-Owholemodule";
				VALIDATE_PRODUCT = YES;
			};
			name = Release;
		};
		E9A29E462003843F0048FDA5 /* Debug */ = {
			isa = XCBuildConfiguration;
			baseConfigurationReference = 25F744F875D46AE12AD8D3BC /* Pods-GroupM8.debug.xcconfig */;
			buildSettings = {
				ASSETCATALOG_COMPILER_APPICON_NAME = AppIcon;
				CLANG_ENABLE_MODULES = YES;
				CODE_SIGN_STYLE = Automatic;
				DEVELOPMENT_TEAM = 3AMV49XUG5;
				INFOPLIST_FILE = GroupM8/Info.plist;
				LD_RUNPATH_SEARCH_PATHS = "$(inherited) @executable_path/Frameworks";
				PRODUCT_BUNDLE_IDENTIFIER = "Thomas-de-lange.GroupM8";
				PRODUCT_NAME = "$(TARGET_NAME)";
				SWIFT_OBJC_BRIDGING_HEADER = "GroupM8-Bridging-Header.h";
				SWIFT_OPTIMIZATION_LEVEL = "-Onone";
				SWIFT_VERSION = 4.0;
				TARGETED_DEVICE_FAMILY = "1,2";
			};
			name = Debug;
		};
		E9A29E472003843F0048FDA5 /* Release */ = {
			isa = XCBuildConfiguration;
			baseConfigurationReference = 835B163D58CA3AF7B93930B8 /* Pods-GroupM8.release.xcconfig */;
			buildSettings = {
				ASSETCATALOG_COMPILER_APPICON_NAME = AppIcon;
				CLANG_ENABLE_MODULES = YES;
				CODE_SIGN_STYLE = Automatic;
				DEVELOPMENT_TEAM = 3AMV49XUG5;
				INFOPLIST_FILE = GroupM8/Info.plist;
				LD_RUNPATH_SEARCH_PATHS = "$(inherited) @executable_path/Frameworks";
				PRODUCT_BUNDLE_IDENTIFIER = "Thomas-de-lange.GroupM8";
				PRODUCT_NAME = "$(TARGET_NAME)";
				SWIFT_OBJC_BRIDGING_HEADER = "GroupM8-Bridging-Header.h";
				SWIFT_VERSION = 4.0;
				TARGETED_DEVICE_FAMILY = "1,2";
			};
			name = Release;
		};
		E9A29E492003843F0048FDA5 /* Debug */ = {
			isa = XCBuildConfiguration;
			buildSettings = {
				ALWAYS_EMBED_SWIFT_STANDARD_LIBRARIES = YES;
				BUNDLE_LOADER = "$(TEST_HOST)";
				CODE_SIGN_STYLE = Automatic;
				DEVELOPMENT_TEAM = 3AMV49XUG5;
				INFOPLIST_FILE = GroupM8Tests/Info.plist;
				LD_RUNPATH_SEARCH_PATHS = "$(inherited) @executable_path/Frameworks @loader_path/Frameworks";
				PRODUCT_BUNDLE_IDENTIFIER = "Thomas-de-lange.GroupM8Tests";
				PRODUCT_NAME = "$(TARGET_NAME)";
				SWIFT_VERSION = 4.0;
				TARGETED_DEVICE_FAMILY = "1,2";
				TEST_HOST = "$(BUILT_PRODUCTS_DIR)/GroupM8.app/GroupM8";
			};
			name = Debug;
		};
		E9A29E4A2003843F0048FDA5 /* Release */ = {
			isa = XCBuildConfiguration;
			buildSettings = {
				ALWAYS_EMBED_SWIFT_STANDARD_LIBRARIES = YES;
				BUNDLE_LOADER = "$(TEST_HOST)";
				CODE_SIGN_STYLE = Automatic;
				DEVELOPMENT_TEAM = 3AMV49XUG5;
				INFOPLIST_FILE = GroupM8Tests/Info.plist;
				LD_RUNPATH_SEARCH_PATHS = "$(inherited) @executable_path/Frameworks @loader_path/Frameworks";
				PRODUCT_BUNDLE_IDENTIFIER = "Thomas-de-lange.GroupM8Tests";
				PRODUCT_NAME = "$(TARGET_NAME)";
				SWIFT_VERSION = 4.0;
				TARGETED_DEVICE_FAMILY = "1,2";
				TEST_HOST = "$(BUILT_PRODUCTS_DIR)/GroupM8.app/GroupM8";
			};
			name = Release;
		};
		E9A29E4C2003843F0048FDA5 /* Debug */ = {
			isa = XCBuildConfiguration;
			buildSettings = {
				ALWAYS_EMBED_SWIFT_STANDARD_LIBRARIES = YES;
				CODE_SIGN_STYLE = Automatic;
				DEVELOPMENT_TEAM = 3AMV49XUG5;
				INFOPLIST_FILE = GroupM8UITests/Info.plist;
				LD_RUNPATH_SEARCH_PATHS = "$(inherited) @executable_path/Frameworks @loader_path/Frameworks";
				PRODUCT_BUNDLE_IDENTIFIER = "Thomas-de-lange.GroupM8UITests";
				PRODUCT_NAME = "$(TARGET_NAME)";
				SWIFT_VERSION = 4.0;
				TARGETED_DEVICE_FAMILY = "1,2";
				TEST_TARGET_NAME = GroupM8;
			};
			name = Debug;
		};
		E9A29E4D2003843F0048FDA5 /* Release */ = {
			isa = XCBuildConfiguration;
			buildSettings = {
				ALWAYS_EMBED_SWIFT_STANDARD_LIBRARIES = YES;
				CODE_SIGN_STYLE = Automatic;
				DEVELOPMENT_TEAM = 3AMV49XUG5;
				INFOPLIST_FILE = GroupM8UITests/Info.plist;
				LD_RUNPATH_SEARCH_PATHS = "$(inherited) @executable_path/Frameworks @loader_path/Frameworks";
				PRODUCT_BUNDLE_IDENTIFIER = "Thomas-de-lange.GroupM8UITests";
				PRODUCT_NAME = "$(TARGET_NAME)";
				SWIFT_VERSION = 4.0;
				TARGETED_DEVICE_FAMILY = "1,2";
				TEST_TARGET_NAME = GroupM8;
			};
			name = Release;
		};
/* End XCBuildConfiguration section */

/* Begin XCConfigurationList section */
		E9A29E182003843E0048FDA5 /* Build configuration list for PBXProject "GroupM8" */ = {
			isa = XCConfigurationList;
			buildConfigurations = (
				E9A29E432003843F0048FDA5 /* Debug */,
				E9A29E442003843F0048FDA5 /* Release */,
			);
			defaultConfigurationIsVisible = 0;
			defaultConfigurationName = Release;
		};
		E9A29E452003843F0048FDA5 /* Build configuration list for PBXNativeTarget "GroupM8" */ = {
			isa = XCConfigurationList;
			buildConfigurations = (
				E9A29E462003843F0048FDA5 /* Debug */,
				E9A29E472003843F0048FDA5 /* Release */,
			);
			defaultConfigurationIsVisible = 0;
			defaultConfigurationName = Release;
		};
		E9A29E482003843F0048FDA5 /* Build configuration list for PBXNativeTarget "GroupM8Tests" */ = {
			isa = XCConfigurationList;
			buildConfigurations = (
				E9A29E492003843F0048FDA5 /* Debug */,
				E9A29E4A2003843F0048FDA5 /* Release */,
			);
			defaultConfigurationIsVisible = 0;
			defaultConfigurationName = Release;
		};
		E9A29E4B2003843F0048FDA5 /* Build configuration list for PBXNativeTarget "GroupM8UITests" */ = {
			isa = XCConfigurationList;
			buildConfigurations = (
				E9A29E4C2003843F0048FDA5 /* Debug */,
				E9A29E4D2003843F0048FDA5 /* Release */,
			);
			defaultConfigurationIsVisible = 0;
			defaultConfigurationName = Release;
		};
/* End XCConfigurationList section */
	};
	rootObject = E9A29E152003843E0048FDA5 /* Project object */;
}
